
Microsoft Visual Studio Solution File, Format Version 12.00
# Visual Studio 15
Project("{FAE04EC0-301F-11D3-BF4B-00C04F79EFBC}") = "Unity.XR.Interaction.Toolkit.Samples.StarterAssets", "Unity.XR.Interaction.Toolkit.Samples.StarterAssets.csproj", "{19A09FB0-7286-FB64-C4FE-9E5F1F3F7DD8}"
EndProject
Project("{FAE04EC0-301F-11D3-BF4B-00C04F79EFBC}") = "Assembly-CSharp", "Assembly-CSharp.csproj", "{6AE611A0-BF6B-FBFE-50AA-14D6D00F799C}"
EndProject
Project("{FAE04EC0-301F-11D3-BF4B-00C04F79EFBC}") = "Unity.XR.Interaction.Toolkit.Samples.StarterAssets.Editor", "Unity.XR.Interaction.Toolkit.Samples.StarterAssets.Editor.csproj", "{005B7FC7-BF07-F66B-91D0-099C744C09A3}"
EndProject
Global
	GlobalSection(SolutionConfigurationPlatforms) = preSolution
		Debug|Any CPU = Debug|Any CPU
		Release|Any CPU = Release|Any CPU
	EndGlobalSection
	GlobalSection(ProjectConfigurationPlatforms) = postSolution
		{19A09FB0-7286-FB64-C4FE-9E5F1F3F7DD8}.Debug|Any CPU.ActiveCfg = Debug|Any CPU
		{19A09FB0-7286-FB64-C4FE-9E5F1F3F7DD8}.Debug|Any CPU.Build.0 = Debug|Any CPU
		{19A09FB0-7286-FB64-C4FE-9E5F1F3F7DD8}.Release|Any CPU.ActiveCfg = Release|Any CPU
		{19A09FB0-7286-FB64-C4FE-9E5F1F3F7DD8}.Release|Any CPU.Build.0 = Release|Any CPU
		{6AE611A0-BF6B-FBFE-50AA-14D6D00F799C}.Debug|Any CPU.ActiveCfg = Debug|Any CPU
		{6AE611A0-BF6B-FBFE-50AA-14D6D00F799C}.Debug|Any CPU.Build.0 = Debug|Any CPU
		{6AE611A0-BF6B-FBFE-50AA-14D6D00F799C}.Release|Any CPU.ActiveCfg = Release|Any CPU
		{6AE611A0-BF6B-FBFE-50AA-14D6D00F799C}.Release|Any CPU.Build.0 = Release|Any CPU
		{005B7FC7-BF07-F66B-91D0-099C744C09A3}.Debug|Any CPU.ActiveCfg = Debug|Any CPU
		{005B7FC7-BF07-F66B-91D0-099C744C09A3}.Debug|Any CPU.Build.0 = Debug|Any CPU
		{005B7FC7-BF07-F66B-91D0-099C744C09A3}.Release|Any CPU.ActiveCfg = Release|Any CPU
		{005B7FC7-BF07-F66B-91D0-099C744C09A3}.Release|Any CPU.Build.0 = Release|Any CPU
	EndGlobalSection
	GlobalSection(SolutionProperties) = preSolution
		HideSolutionNode = FALSE
	EndGlobalSection
EndGlobal
